Microsoft Visual Studio Solution File, Format Version 11.00
# Visual Studio 2008

Project("{564B3C1F-D16F-099B-3F1D-57FF72395B5D}") = "Alien Incursion", "Assembly-CSharp-firstpass.csproj", "{14AA45DB-71EF-DFA6-441F-C0C97711EC07}"
EndProject
Project("{564B3C1F-D16F-099B-3F1D-57FF72395B5D}") = "Alien Incursion", "Assembly-CSharp-Editor.csproj", "{107E1D5E-96AE-7A08-F90B-E167BEA4F786}"
EndProject
Global
	GlobalSection(SolutionConfigurationPlatforms) = preSolution
		Debug|Any CPU = Debug|Any CPU
		Release|Any CPU = Release|Any CPU
	EndGlobalSection
	GlobalSection(ProjectConfigurationPlatforms) = postSolution
		{14AA45DB-71EF-DFA6-441F-C0C97711EC07}.Debug|Any CPU.ActiveCfg = Debug|Any CPU
		{14AA45DB-71EF-DFA6-441F-C0C97711EC07}.Debug|Any CPU.Build.0 = Debug|Any CPU
		{14AA45DB-71EF-DFA6-441F-C0C97711EC07}.Release|Any CPU.ActiveCfg = Release|Any CPU
		{14AA45DB-71EF-DFA6-441F-C0C97711EC07}.Release|Any CPU.Build.0 = Release|Any CPU
		{107E1D5E-96AE-7A08-F90B-E167BEA4F786}.Debug|Any CPU.ActiveCfg = Debug|Any CPU
		{107E1D5E-96AE-7A08-F90B-E167BEA4F786}.Debug|Any CPU.Build.0 = Debug|Any CPU
		{107E1D5E-96AE-7A08-F90B-E167BEA4F786}.Release|Any CPU.ActiveCfg = Release|Any CPU
		{107E1D5E-96AE-7A08-F90B-E167BEA4F786}.Release|Any CPU.Build.0 = Release|Any CPU
	EndGlobalSection
	GlobalSection(SolutionProperties) = preSolution
		HideSolutionNode = FALSE
	EndGlobalSection
	GlobalSection(MonoDevelopProperties) = preSolution
		StartupItem = Assembly-CSharp.csproj
	EndGlobalSection
EndGlobal
