Microsoft Visual Studio Solution File, Format Version 11.00
# Visual Studio 2008

Project("{564B3C1F-D16F-099B-3F1D-57FF72395B5D}") = "Alien Incursion", "Assembly-CSharp.csproj", "{3B2B37AE-2F5A-8396-34FC-C493107C29FB}"
EndProject
Global
	GlobalSection(SolutionConfigurationPlatforms) = preSolution
		Debug|Any CPU = Debug|Any CPU
		Release|Any CPU = Release|Any CPU
	EndGlobalSection
	GlobalSection(ProjectConfigurationPlatforms) = postSolution
		{3B2B37AE-2F5A-8396-34FC-C493107C29FB}.Debug|Any CPU.ActiveCfg = Debug|Any CPU
		{3B2B37AE-2F5A-8396-34FC-C493107C29FB}.Debug|Any CPU.Build.0 = Debug|Any CPU
		{3B2B37AE-2F5A-8396-34FC-C493107C29FB}.Release|Any CPU.ActiveCfg = Release|Any CPU
		{3B2B37AE-2F5A-8396-34FC-C493107C29FB}.Release|Any CPU.Build.0 = Release|Any CPU
	EndGlobalSection
	GlobalSection(SolutionProperties) = preSolution
		HideSolutionNode = FALSE
	EndGlobalSection
	GlobalSection(MonoDevelopProperties) = preSolution
		StartupItem = Assembly-CSharp.csproj
	EndGlobalSection
EndGlobal
